
Microsoft Visual Studio Solution File, Format Version 12.00
# Visual Studio Version 17
VisualStudioVersion = 17.14.36301.6
MinimumVisualStudioVersion = 10.0.40219.1
Project("{FAE04EC0-301F-11D3-BF4B-00C04F79EFBC}") = "EasyAgent", "EasyAgent.csproj", "{114E937B-C485-4577-A9A3-FCA72FB7ABB9}"
EndProject
Project("{FAE04EC0-301F-11D3-BF4B-00C04F79EFBC}") = "AmberAlerting", "..\AmberAlerting\AmberAlerting.csproj", "{414ED0A4-9B59-4AB5-8A07-56E395264BFF}"
EndProject
Global
	GlobalSection(SolutionConfigurationPlatforms) = preSolution
		Debug|Any CPU = Debug|Any CPU
		Release|Any CPU = Release|Any CPU
	EndGlobalSection
	GlobalSection(ProjectConfigurationPlatforms) = postSolution
		{114E937B-C485-4577-A9A3-FCA72FB7ABB9}.Debug|Any CPU.ActiveCfg = Debug|Any CPU
		{114E937B-C485-4577-A9A3-FCA72FB7ABB9}.Debug|Any CPU.Build.0 = Debug|Any CPU
		{114E937B-C485-4577-A9A3-FCA72FB7ABB9}.Release|Any CPU.ActiveCfg = Release|Any CPU
		{114E937B-C485-4577-A9A3-FCA72FB7ABB9}.Release|Any CPU.Build.0 = Release|Any CPU
		{414ED0A4-9B59-4AB5-8A07-56E395264BFF}.Debug|Any CPU.ActiveCfg = Debug|Any CPU
		{414ED0A4-9B59-4AB5-8A07-56E395264BFF}.Debug|Any CPU.Build.0 = Debug|Any CPU
		{414ED0A4-9B59-4AB5-8A07-56E395264BFF}.Release|Any CPU.ActiveCfg = Release|Any CPU
		{414ED0A4-9B59-4AB5-8A07-56E395264BFF}.Release|Any CPU.Build.0 = Release|Any CPU
	EndGlobalSection
	GlobalSection(SolutionProperties) = preSolution
		HideSolutionNode = FALSE
	EndGlobalSection
	GlobalSection(ExtensibilityGlobals) = postSolution
		SolutionGuid = {561337A1-E52C-46AF-8A3A-22B60FBA5AA6}
	EndGlobalSection
EndGlobal
